{
  "name": "Hoot-app",
  "lockfileVersion": 3,
  "requires": true,
  "packages": {
    "": {
      "dependencies": {
        "kafka": "^0.2.3"
      }
    },
    "node_modules/kafka": {
      "version": "0.2.3",
      "resolved": "https://registry.npmjs.org/kafka/-/kafka-0.2.3.tgz",
      "integrity": "sha512-Qi9J1HgikGlZz4dGzG++sZ3L52JTE+LCWelz3MNmze0KePSeWvZHVtGe981/mD/u+wyLg6INFw3Rgrqyg+orTA==",
      "dependencies": {
        "std": "0.1.36"
      },
      "engines": {
        "node": "*"
      }
    },
    "node_modules/std": {
      "version": "0.1.36",
      "resolved": "https://registry.npmjs.org/std/-/std-0.1.36.tgz",
      "integrity": "sha512-PZP6srpVKfDgMwgbo+0jOUV0IFAWxHKlyQj3wiZiov8AYbXtoDjhNtFaCLkthOp0T5I6HDFzYvo2mRVtU5HYdg==",
      "engines": {
        "node": "*"
      }
    }
  }
}
